
Microsoft Visual Studio Solution File, Format Version 12.00
# Visual Studio 2012
Project("{FAE04EC0-301F-11D3-BF4B-00C04F79EFBC}") = "MTAWebApplication", "MTAWebApplication\MTAWebApplication.csproj", "{0AA2FD95-E192-43BD-AA2A-0C804B5AC157}"
EndProject
Project("{FAE04EC0-301F-11D3-BF4B-00C04F79EFBC}") = "BL", "BL\BL.csproj", "{22B988FC-DB07-491A-9F7A-E83DC4CA4F7F}"
EndProject
Project("{FAE04EC0-301F-11D3-BF4B-00C04F79EFBC}") = "Entity", "Entity\Entity.csproj", "{44AD076E-ED62-4DC4-930F-BA565EA1C617}"
EndProject
Project("{FAE04EC0-301F-11D3-BF4B-00C04F79EFBC}") = "BusinessRules", "BusinessRules\BusinessRules.csproj", "{5E19E499-F2CC-4553-858C-2BCE332AF15E}"
EndProject
Project("{2150E333-8FDC-42A3-9474-1A3956D46DE8}") = "Documents", "Documents", "{C43913AD-C05A-4286-A2DC-D6E0A518FCC0}"
	ProjectSection(SolutionItems) = preProject
		BizRule sample.txt = BizRule sample.txt
	EndProjectSection
EndProject
Global
	GlobalSection(SolutionConfigurationPlatforms) = preSolution
		Debug|Any CPU = Debug|Any CPU
		Release|Any CPU = Release|Any CPU
	EndGlobalSection
	GlobalSection(ProjectConfigurationPlatforms) = postSolution
		{0AA2FD95-E192-43BD-AA2A-0C804B5AC157}.Debug|Any CPU.ActiveCfg = Debug|Any CPU
		{0AA2FD95-E192-43BD-AA2A-0C804B5AC157}.Debug|Any CPU.Build.0 = Debug|Any CPU
		{0AA2FD95-E192-43BD-AA2A-0C804B5AC157}.Release|Any CPU.ActiveCfg = Release|Any CPU
		{0AA2FD95-E192-43BD-AA2A-0C804B5AC157}.Release|Any CPU.Build.0 = Release|Any CPU
		{22B988FC-DB07-491A-9F7A-E83DC4CA4F7F}.Debug|Any CPU.ActiveCfg = Debug|Any CPU
		{22B988FC-DB07-491A-9F7A-E83DC4CA4F7F}.Debug|Any CPU.Build.0 = Debug|Any CPU
		{22B988FC-DB07-491A-9F7A-E83DC4CA4F7F}.Release|Any CPU.ActiveCfg = Release|Any CPU
		{22B988FC-DB07-491A-9F7A-E83DC4CA4F7F}.Release|Any CPU.Build.0 = Release|Any CPU
		{44AD076E-ED62-4DC4-930F-BA565EA1C617}.Debug|Any CPU.ActiveCfg = Debug|Any CPU
		{44AD076E-ED62-4DC4-930F-BA565EA1C617}.Debug|Any CPU.Build.0 = Debug|Any CPU
		{44AD076E-ED62-4DC4-930F-BA565EA1C617}.Release|Any CPU.ActiveCfg = Release|Any CPU
		{44AD076E-ED62-4DC4-930F-BA565EA1C617}.Release|Any CPU.Build.0 = Release|Any CPU
		{5E19E499-F2CC-4553-858C-2BCE332AF15E}.Debug|Any CPU.ActiveCfg = Debug|Any CPU
		{5E19E499-F2CC-4553-858C-2BCE332AF15E}.Debug|Any CPU.Build.0 = Debug|Any CPU
		{5E19E499-F2CC-4553-858C-2BCE332AF15E}.Release|Any CPU.ActiveCfg = Release|Any CPU
		{5E19E499-F2CC-4553-858C-2BCE332AF15E}.Release|Any CPU.Build.0 = Release|Any CPU
	EndGlobalSection
	GlobalSection(SolutionProperties) = preSolution
		HideSolutionNode = FALSE
	EndGlobalSection
EndGlobal
